// !$*UTF8*$!
{
	archiveVersion = 1;
	classes = {
	};
	objectVersion = 50;
	objects = {

/* Begin PBXBuildFile section */
		7342202021282ECB00F1B782 /* AppDelegate.swift in Sources */ = {isa = PBXBuildFile; fileRef = 7342201F21282ECB00F1B782 /* AppDelegate.swift */; };
		7342202221282ECB00F1B782 /* ViewController.swift in Sources */ = {isa = PBXBuildFile; fileRef = 7342202121282ECB00F1B782 /* ViewController.swift */; };
		7342202521282ECB00F1B782 /* Main.storyboard in Resources */ = {isa = PBXBuildFile; fileRef = 7342202321282ECB00F1B782 /* Main.storyboard */; };
		7342202721282ECD00F1B782 /* Assets.xcassets in Resources */ = {isa = PBXBuildFile; fileRef = 7342202621282ECD00F1B782 /* Assets.xcassets */; };
		7342202A21282ECD00F1B782 /* LaunchScreen.storyboard in Resources */ = {isa = PBXBuildFile; fileRef = 7342202821282ECD00F1B782 /* LaunchScreen.storyboard */; };
		7342203221282F2900F1B782 /* simpleListController.swift in Sources */ = {isa = PBXBuildFile; fileRef = 7342203121282F2900F1B782 /* simpleListController.swift */; };
		734220342128300D00F1B782 /* elementViewController.swift in Sources */ = {isa = PBXBuildFile; fileRef = 734220332128300D00F1B782 /* elementViewController.swift */; };
		734220362128339D00F1B782 /* detailViewController.swift in Sources */ = {isa = PBXBuildFile; fileRef = 734220352128339D00F1B782 /* detailViewController.swift */; };
		7350C4C32133E95D00736AC5 /* intervalViewController.swift in Sources */ = {isa = PBXBuildFile; fileRef = 7350C4C22133E95D00736AC5 /* intervalViewController.swift */; };
		7350C4C62133EC0A00736AC5 /* list.png in Resources */ = {isa = PBXBuildFile; fileRef = 7350C4C52133EC0A00736AC5 /* list.png */; };
		7350C4C82133EC4F00736AC5 /* stopWatch.png in Resources */ = {isa = PBXBuildFile; fileRef = 7350C4C72133EC4F00736AC5 /* stopWatch.png */; };
/* End PBXBuildFile section */

/* Begin PBXFileReference section */
		7342201C21282ECB00F1B782 /* todotest.app */ = {isa = PBXFileReference; explicitFileType = wrapper.application; includeInIndex = 0; path = todotest.app; sourceTree = BUILT_PRODUCTS_DIR; };
		7342201F21282ECB00F1B782 /* AppDelegate.swift */ = {isa = PBXFileReference; lastKnownFileType = sourcecode.swift; path = AppDelegate.swift; sourceTree = "<group>"; };
		7342202121282ECB00F1B782 /* ViewController.swift */ = {isa = PBXFileReference; lastKnownFileType = sourcecode.swift; path = ViewController.swift; sourceTree = "<group>"; };
		7342202421282ECB00F1B782 /* Base */ = {isa = PBXFileReference; lastKnownFileType = file.storyboard; name = Base; path = Base.lproj/Main.storyboard; sourceTree = "<group>"; };
		7342202621282ECD00F1B782 /* Assets.xcassets */ = {isa = PBXFileReference; lastKnownFileType = folder.assetcatalog; path = Assets.xcassets; sourceTree = "<group>"; };
		7342202921282ECD00F1B782 /* Base */ = {isa = PBXFileReference; lastKnownFileType = file.storyboard; name = Base; path = Base.lproj/LaunchScreen.storyboard; sourceTree = "<group>"; };
		7342202B21282ECD00F1B782 /* Info.plist */ = {isa = PBXFileReference; lastKnownFileType = text.plist.xml; path = Info.plist; sourceTree = "<group>"; };
		7342203121282F2900F1B782 /* simpleListController.swift */ = {isa = PBXFileReference; lastKnownFileType = sourcecode.swift; path = simpleListController.swift; sourceTree = "<group>"; };
		734220332128300D00F1B782 /* elementViewController.swift */ = {isa = PBXFileReference; lastKnownFileType = sourcecode.swift; path = elementViewController.swift; sourceTree = "<group>"; };
		734220352128339D00F1B782 /* detailViewController.swift */ = {isa = PBXFileReference; lastKnownFileType = sourcecode.swift; path = detailViewController.swift; sourceTree = "<group>"; };
		7350C4C22133E95D00736AC5 /* intervalViewController.swift */ = {isa = PBXFileReference; lastKnownFileType = sourcecode.swift; path = intervalViewController.swift; sourceTree = "<group>"; };
		7350C4C52133EC0A00736AC5 /* list.png */ = {isa = PBXFileReference; lastKnownFileType = image.png; path = list.png; sourceTree = "<group>"; };
		7350C4C72133EC4F00736AC5 /* stopWatch.png */ = {isa = PBXFileReference; lastKnownFileType = image.png; path = stopWatch.png; sourceTree = "<group>"; };
/* End PBXFileReference section */

/* Begin PBXFrameworksBuildPhase section */
		7342201921282ECB00F1B782 /* Frameworks */ = {
			isa = PBXFrameworksBuildPhase;
			buildActionMask = 2147483647;
			files = (
			);
			runOnlyForDeploymentPostprocessing = 0;
		};
/* End PBXFrameworksBuildPhase section */

/* Begin PBXGroup section */
		7342201321282ECB00F1B782 = {
			isa = PBXGroup;
			children = (
				7342201E21282ECB00F1B782 /* todotest */,
				7342201D21282ECB00F1B782 /* Products */,
			);
			sourceTree = "<group>";
		};
		7342201D21282ECB00F1B782 /* Products */ = {
			isa = PBXGroup;
			children = (
				7342201C21282ECB00F1B782 /* todotest.app */,
			);
			name = Products;
			sourceTree = "<group>";
		};
		7342201E21282ECB00F1B782 /* todotest */ = {
			isa = PBXGroup;
			children = (
				7342201F21282ECB00F1B782 /* AppDelegate.swift */,
				7342202121282ECB00F1B782 /* ViewController.swift */,
				7342202321282ECB00F1B782 /* Main.storyboard */,
				7350C4C22133E95D00736AC5 /* intervalViewController.swift */,
				734220352128339D00F1B782 /* detailViewController.swift */,
				7342203121282F2900F1B782 /* simpleListController.swift */,
				734220332128300D00F1B782 /* elementViewController.swift */,
				7350C4C42133EBF900736AC5 /* icon */,
				7342202621282ECD00F1B782 /* Assets.xcassets */,
				7342202821282ECD00F1B782 /* LaunchScreen.storyboard */,
				7342202B21282ECD00F1B782 /* Info.plist */,
			);
			path = todotest;
			sourceTree = "<group>";
		};
		7350C4C42133EBF900736AC5 /* icon */ = {
			isa = PBXGroup;
			children = (
				7350C4C72133EC4F00736AC5 /* stopWatch.png */,
				7350C4C52133EC0A00736AC5 /* list.png */,
			);
			path = icon;
			sourceTree = "<group>";
		};
/* End PBXGroup section */

/* Begin PBXNativeTarget section */
		7342201B21282ECB00F1B782 /* todotest */ = {
			isa = PBXNativeTarget;
			buildConfigurationList = 7342202E21282ECD00F1B782 /* Build configuration list for PBXNativeTarget "todotest" */;
			buildPhases = (
				7342201821282ECB00F1B782 /* Sources */,
				7342201921282ECB00F1B782 /* Frameworks */,
				7342201A21282ECB00F1B782 /* Resources */,
			);
			buildRules = (
			);
			dependencies = (
			);
			name = todotest;
			productName = todotest;
			productReference = 7342201C21282ECB00F1B782 /* todotest.app */;
			productType = "com.apple.product-type.application";
		};
/* End PBXNativeTarget section */

/* Begin PBXProject section */
		7342201421282ECB00F1B782 /* Project object */ = {
			isa = PBXProject;
			attributes = {
				LastSwiftUpdateCheck = 0940;
				LastUpgradeCheck = 0940;
				ORGANIZATIONNAME = sasakura.company;
				TargetAttributes = {
					7342201B21282ECB00F1B782 = {
						CreatedOnToolsVersion = 9.4.1;
					};
				};
			};
			buildConfigurationList = 7342201721282ECB00F1B782 /* Build configuration list for PBXProject "todotest" */;
			compatibilityVersion = "Xcode 9.3";
			developmentRegion = en;
			hasScannedForEncodings = 0;
			knownRegions = (
				en,
				Base,
			);
			mainGroup = 7342201321282ECB00F1B782;
			productRefGroup = 7342201D21282ECB00F1B782 /* Products */;
			projectDirPath = "";
			projectRoot = "";
			targets = (
				7342201B21282ECB00F1B782 /* todotest */,
			);
		};
/* End PBXProject section */

/* Begin PBXResourcesBuildPhase section */
		7342201A21282ECB00F1B782 /* Resources */ = {
			isa = PBXResourcesBuildPhase;
			buildActionMask = 2147483647;
			files = (
				7342202A21282ECD00F1B782 /* LaunchScreen.storyboard in Resources */,
				7350C4C82133EC4F00736AC5 /* stopWatch.png in Resources */,
				7342202721282ECD00F1B782 /* Assets.xcassets in Resources */,
				7350C4C62133EC0A00736AC5 /* list.png in Resources */,
				7342202521282ECB00F1B782 /* Main.storyboard in Resources */,
			);
			runOnlyForDeploymentPostprocessing = 0;
		};
/* End PBXResourcesBuildPhase section */

/* Begin PBXSourcesBuildPhase section */
		7342201821282ECB00F1B782 /* Sources */ = {
			isa = PBXSourcesBuildPhase;
			buildActionMask = 2147483647;
			files = (
				7342203221282F2900F1B782 /* simpleListController.swift in Sources */,
				7342202221282ECB00F1B782 /* ViewController.swift in Sources */,
				7342202021282ECB00F1B782 /* AppDelegate.swift in Sources */,
				7350C4C32133E95D00736AC5 /* intervalViewController.swift in Sources */,
				734220362128339D00F1B782 /* detailViewController.swift in Sources */,
				734220342128300D00F1B782 /* elementViewController.swift in Sources */,
			);
			runOnlyForDeploymentPostprocessing = 0;
		};
/* End PBXSourcesBuildPhase section */

/* Begin PBXVariantGroup section */
		7342202321282ECB00F1B782 /* Main.storyboard */ = {
			isa = PBXVariantGroup;
			children = (
				7342202421282ECB00F1B782 /* Base */,
			);
			name = Main.storyboard;
			sourceTree = "<group>";
		};
		7342202821282ECD00F1B782 /* LaunchScreen.storyboard */ = {
			isa = PBXVariantGroup;
			children = (
				7342202921282ECD00F1B782 /* Base */,
			);
			name = LaunchScreen.storyboard;
			sourceTree = "<group>";
		};
/* End PBXVariantGroup section */

/* Begin XCBuildConfiguration section */
		7342202C21282ECD00F1B782 /* Debug */ = {
			isa = XCBuildConfiguration;
			buildSettings = {
				ALWAYS_SEARCH_USER_PATHS = NO;
				CLANG_ANALYZER_NONNULL = YES;
				CLANG_ANALYZER_NUMBER_OBJECT_CONVERSION = YES_AGGRESSIVE;
				CLANG_CXX_LANGUAGE_STANDARD = "gnu++14";
				CLANG_CXX_LIBRARY = "libc++";
				CLANG_ENABLE_MODULES = YES;
				CLANG_ENABLE_OBJC_ARC = YES;
				CLANG_ENABLE_OBJC_WEAK = YES;
				CLANG_WARN_BLOCK_CAPTURE_AUTORELEASING = YES;
				CLANG_WARN_BOOL_CONVERSION = YES;
				CLANG_WARN_COMMA = YES;
				CLANG_WARN_CONSTANT_CONVERSION = YES;
				CLANG_WARN_DEPRECATED_OBJC_IMPLEMENTATIONS = YES;
				CLANG_WARN_DIRECT_OBJC_ISA_USAGE = YES_ERROR;
				CLANG_WARN_DOCUMENTATION_COMMENTS = YES;
				CLANG_WARN_EMPTY_BODY = YES;
				CLANG_WARN_ENUM_CONVERSION = YES;
				CLANG_WARN_INFINITE_RECURSION = YES;
				CLANG_WARN_INT_CONVERSION = YES;
				CLANG_WARN_NON_LITERAL_NULL_CONVERSION = YES;
				CLANG_WARN_OBJC_IMPLICIT_RETAIN_SELF = YES;
				CLANG_WARN_OBJC_LITERAL_CONVERSION = YES;
				CLANG_WARN_OBJC_ROOT_CLASS = YES_ERROR;
				CLANG_WARN_RANGE_LOOP_ANALYSIS = YES;
				CLANG_WARN_STRICT_PROTOTYPES = YES;
				CLANG_WARN_SUSPICIOUS_MOVE = YES;
				CLANG_WARN_UNGUARDED_AVAILABILITY = YES_AGGRESSIVE;
				CLANG_WARN_UNREACHABLE_CODE = YES;
				CLANG_WARN__DUPLICATE_METHOD_MATCH = YES;
				CODE_SIGN_IDENTITY = "iPhone Developer";
				COPY_PHASE_STRIP = NO;
				DEBUG_INFORMATION_FORMAT = dwarf;
				ENABLE_STRICT_OBJC_MSGSEND = YES;
				ENABLE_TESTABILITY = YES;
				GCC_C_LANGUAGE_STANDARD = gnu11;
				GCC_DYNAMIC_NO_PIC = NO;
				GCC_NO_COMMON_BLOCKS = YES;
				GCC_OPTIMIZATION_LEVEL = 0;
				GCC_PREPROCESSOR_DEFINITIONS = (
					"DEBUG=1",
					"$(inherited)",
				);
				GCC_WARN_64_TO_32_BIT_CONVERSION = YES;
				GCC_WARN_ABOUT_RETURN_TYPE = YES_ERROR;
				GCC_WARN_UNDECLARED_SELECTOR = YES;
				GCC_WARN_UNINITIALIZED_AUTOS = YES_AGGRESSIVE;
				GCC_WARN_UNUSED_FUNCTION = YES;
				GCC_WARN_UNUSED_VARIABLE = YES;
				IPHONEOS_DEPLOYMENT_TARGET = 11.4;
				MTL_ENABLE_DEBUG_INFO = YES;
				ONLY_ACTIVE_ARCH = YES;
				SDKROOT = iphoneos;
				SWIFT_ACTIVE_COMPILATION_CONDITIONS = DEBUG;
				SWIFT_OPTIMIZATION_LEVEL = "-Onone";
			};
			name = Debug;
		};
		7342202D21282ECD00F1B782 /* Release */ = {
			isa = XCBuildConfiguration;
			buildSettings = {
				ALWAYS_SEARCH_USER_PATHS = NO;
				CLANG_ANALYZER_NONNULL = YES;
				CLANG_ANALYZER_NUMBER_OBJECT_CONVERSION = YES_AGGRESSIVE;
				CLANG_CXX_LANGUAGE_STANDARD = "gnu++14";
				CLANG_CXX_LIBRARY = "libc++";
				CLANG_ENABLE_MODULES = YES;
				CLANG_ENABLE_OBJC_ARC = YES;
				CLANG_ENABLE_OBJC_WEAK = YES;
				CLANG_WARN_BLOCK_CAPTURE_AUTORELEASING = YES;
				CLANG_WARN_BOOL_CONVERSION = YES;
				CLANG_WARN_COMMA = YES;
				CLANG_WARN_CONSTANT_CONVERSION = YES;
				CLANG_WARN_DEPRECATED_OBJC_IMPLEMENTATIONS = YES;
				CLANG_WARN_DIRECT_OBJC_ISA_USAGE = YES_ERROR;
				CLANG_WARN_DOCUMENTATION_COMMENTS = YES;
				CLANG_WARN_EMPTY_BODY = YES;
				CLANG_WARN_ENUM_CONVERSION = YES;
				CLANG_WARN_INFINITE_RECURSION = YES;
				CLANG_WARN_INT_CONVERSION = YES;
				CLANG_WARN_NON_LITERAL_NULL_CONVERSION = YES;
				CLANG_WARN_OBJC_IMPLICIT_RETAIN_SELF = YES;
				CLANG_WARN_OBJC_LITERAL_CONVERSION = YES;
				CLANG_WARN_OBJC_ROOT_CLASS = YES_ERROR;
				CLANG_WARN_RANGE_LOOP_ANALYSIS = YES;
				CLANG_WARN_STRICT_PROTOTYPES = YES;
				CLANG_WARN_SUSPICIOUS_MOVE = YES;
				CLANG_WARN_UNGUARDED_AVAILABILITY = YES_AGGRESSIVE;
				CLANG_WARN_UNREACHABLE_CODE = YES;
				CLANG_WARN__DUPLICATE_METHOD_MATCH = YES;
				CODE_SIGN_IDENTITY = "iPhone Developer";
				COPY_PHASE_STRIP = NO;
				DEBUG_INFORMATION_FORMAT = "dwarf-with-dsym";
				ENABLE_NS_ASSERTIONS = NO;
				ENABLE_STRICT_OBJC_MSGSEND = YES;
				GCC_C_LANGUAGE_STANDARD = gnu11;
				GCC_NO_COMMON_BLOCKS = YES;
				GCC_WARN_64_TO_32_BIT_CONVERSION = YES;
				GCC_WARN_ABOUT_RETURN_TYPE = YES_ERROR;
				GCC_WARN_UNDECLARED_SELECTOR = YES;
				GCC_WARN_UNINITIALIZED_AUTOS = YES_AGGRESSIVE;
				GCC_WARN_UNUSED_FUNCTION = YES;
				GCC_WARN_UNUSED_VARIABLE = YES;
				IPHONEOS_DEPLOYMENT_TARGET = 11.4;
				MTL_ENABLE_DEBUG_INFO = NO;
				SDKROOT = iphoneos;
				SWIFT_COMPILATION_MODE = wholemodule;
				SWIFT_OPTIMIZATION_LEVEL = "-O";
				VALIDATE_PRODUCT = YES;
			};
			name = Release;
		};
		7342202F21282ECD00F1B782 /* Debug */ = {
			isa = XCBuildConfiguration;
			buildSettings = {
				ASSETCATALOG_COMPILER_APPICON_NAME = AppIcon;
				CODE_SIGN_STYLE = Automatic;
				DEVELOPMENT_TEAM = VNAV5S2KU6;
				INFOPLIST_FILE = todotest/Info.plist;
				LD_RUNPATH_SEARCH_PATHS = (
					"$(inherited)",
					"@executable_path/Frameworks",
				);
				PRODUCT_BUNDLE_IDENTIFIER = jp.88company.todotest;
				PRODUCT_NAME = "$(TARGET_NAME)";
				SWIFT_VERSION = 4.0;
				TARGETED_DEVICE_FAMILY = "1,2";
			};
			name = Debug;
		};
		7342203021282ECD00F1B782 /* Release */ = {
			isa = XCBuildConfiguration;
			buildSettings = {
				ASSETCATALOG_COMPILER_APPICON_NAME = AppIcon;
				CODE_SIGN_STYLE = Automatic;
				DEVELOPMENT_TEAM = VNAV5S2KU6;
				INFOPLIST_FILE = todotest/Info.plist;
				LD_RUNPATH_SEARCH_PATHS = (
					"$(inherited)",
					"@executable_path/Frameworks",
				);
				PRODUCT_BUNDLE_IDENTIFIER = jp.88company.todotest;
				PRODUCT_NAME = "$(TARGET_NAME)";
				SWIFT_VERSION = 4.0;
				TARGETED_DEVICE_FAMILY = "1,2";
			};
			name = Release;
		};
/* End XCBuildConfiguration section */

/* Begin XCConfigurationList section */
		7342201721282ECB00F1B782 /* Build configuration list for PBXProject "todotest" */ = {
			isa = XCConfigurationList;
			buildConfigurations = (
				7342202C21282ECD00F1B782 /* Debug */,
				7342202D21282ECD00F1B782 /* Release */,
			);
			defaultConfigurationIsVisible = 0;
			defaultConfigurationName = Release;
		};
		7342202E21282ECD00F1B782 /* Build configuration list for PBXNativeTarget "todotest" */ = {
			isa = XCConfigurationList;
			buildConfigurations = (
				7342202F21282ECD00F1B782 /* Debug */,
				7342203021282ECD00F1B782 /* Release */,
			);
			defaultConfigurationIsVisible = 0;
			defaultConfigurationName = Release;
		};
/* End XCConfigurationList section */
	};
	rootObject = 7342201421282ECB00F1B782 /* Project object */;
}
